{
  "pins" : [
    {
      "identity" : "matft",
      "kind" : "remoteSourceControl",
      "location" : "https://github.com/jjjkkkjjj/Matft.git",
      "state" : {
        "revision" : "75840c173298baa97555cabda6f6f16d5ec67af7",
        "version" : "0.2.10"
      }
    },
    {
      "identity" : "swift-collections",
      "kind" : "remoteSourceControl",
      "location" : "https://github.com/apple/swift-collections",
      "state" : {
        "revision" : "9d8719c8bebdc79740b6969c912ac706eb721d7a",
        "version" : "0.0.7"
      }
    }
  ],
  "version" : 2
}
